
Microsoft Visual Studio Solution File, Format Version 12.00
# Visual Studio Version 17
VisualStudioVersion = 17.10.35013.160
MinimumVisualStudioVersion = 10.0.40219.1
Project("{9A19103F-16F7-4668-BE54-9A1E7A4F7556}") = "IMX.Function", "IMX.Function\IMX.Function.csproj", "{A54A06CE-0754-4003-82C8-EFEF11E63126}"
EndProject
Project("{FAE04EC0-301F-11D3-BF4B-00C04F79EFBC}") = "IMX.Common.Function", "IMX.Common.Function\IMX.Common.Function.csproj", "{2CF70445-C19F-4DD1-AF56-5AE55BEE0930}"
EndProject
Global
	GlobalSection(SolutionConfigurationPlatforms) = preSolution
		Debug|Any CPU = Debug|Any CPU
		Debug|x64 = Debug|x64
		Release|Any CPU = Release|Any CPU
		Release|x64 = Release|x64
	EndGlobalSection
	GlobalSection(ProjectConfigurationPlatforms) = postSolution
		{A54A06CE-0754-4003-82C8-EFEF11E63126}.Debug|Any CPU.ActiveCfg = Debug|Any CPU
		{A54A06CE-0754-4003-82C8-EFEF11E63126}.Debug|Any CPU.Build.0 = Debug|Any CPU
		{A54A06CE-0754-4003-82C8-EFEF11E63126}.Debug|x64.ActiveCfg = Debug|x64
		{A54A06CE-0754-4003-82C8-EFEF11E63126}.Debug|x64.Build.0 = Debug|x64
		{A54A06CE-0754-4003-82C8-EFEF11E63126}.Release|Any CPU.ActiveCfg = Release|Any CPU
		{A54A06CE-0754-4003-82C8-EFEF11E63126}.Release|Any CPU.Build.0 = Release|Any CPU
		{A54A06CE-0754-4003-82C8-EFEF11E63126}.Release|x64.ActiveCfg = Release|x64
		{A54A06CE-0754-4003-82C8-EFEF11E63126}.Release|x64.Build.0 = Release|x64
		{2CF70445-C19F-4DD1-AF56-5AE55BEE0930}.Debug|Any CPU.ActiveCfg = Debug|Any CPU
		{2CF70445-C19F-4DD1-AF56-5AE55BEE0930}.Debug|Any CPU.Build.0 = Debug|Any CPU
		{2CF70445-C19F-4DD1-AF56-5AE55BEE0930}.Debug|x64.ActiveCfg = Debug|x64
		{2CF70445-C19F-4DD1-AF56-5AE55BEE0930}.Debug|x64.Build.0 = Debug|x64
		{2CF70445-C19F-4DD1-AF56-5AE55BEE0930}.Release|Any CPU.ActiveCfg = Release|Any CPU
		{2CF70445-C19F-4DD1-AF56-5AE55BEE0930}.Release|Any CPU.Build.0 = Release|Any CPU
		{2CF70445-C19F-4DD1-AF56-5AE55BEE0930}.Release|x64.ActiveCfg = Release|x64
		{2CF70445-C19F-4DD1-AF56-5AE55BEE0930}.Release|x64.Build.0 = Release|x64
	EndGlobalSection
	GlobalSection(SolutionProperties) = preSolution
		HideSolutionNode = FALSE
	EndGlobalSection
	GlobalSection(ExtensibilityGlobals) = postSolution
		SolutionGuid = {00318A27-CFE6-4849-B42C-7B74BD660EF6}
	EndGlobalSection
EndGlobal
